<?xml version="1.0" encoding="utf-8"?>
<Project ToolsVersion="4.0" xmlns="http://schemas.microsoft.com/developer/msbuild/2003">
  <ItemGroup>
    <Filter Include="pch">
      <UniqueIdentifier>{93995380-89BD-4b04-88EB-625FBE52EBFB}</UniqueIdentifier>
      <Extensions>h;hh;hpp;hxx;hm;inl;inc;xsd</Extensions>
    </Filter>
    <Filter Include="core">
      <UniqueIdentifier>{59f83daa-8154-45b0-bb2d-92907e904fdd}</UniqueIdentifier>
    </Filter>
    <Filter Include="redis">
      <UniqueIdentifier>{fe730059-b262-44ba-b196-49662af8a932}</UniqueIdentifier>
    </Filter>
  </ItemGroup>
  <ItemGroup>
    <ClInclude Include="targetver.h">
      <Filter>pch</Filter>
    </ClInclude>
    <ClInclude Include="pch.h">
      <Filter>pch</Filter>
    </ClInclude>
    <ClInclude Include="core\enum_class.h">
      <Filter>core</Filter>
    </ClInclude>
    <ClInclude Include="core\force_mover.h">
      <Filter>core</Filter>
    </ClInclude>
    <ClInclude Include="core\functional.h">
      <Filter>core</Filter>
    </ClInclude>
    <ClInclude Include="redis\resp.h">
      <Filter>redis</Filter>
    </ClInclude>
    <ClInclude Include="redis\resp_reader.h">
      <Filter>redis</Filter>
    </ClInclude>
    <ClInclude Include="redis\resp_builder.h">
      <Filter>redis</Filter>
    </ClInclude>
    <ClInclude Include="redis\rcommand.h">
      <Filter>redis</Filter>
    </ClInclude>
    <ClInclude Include="core\format.h">
      <Filter>core</Filter>
    </ClInclude>
    <ClInclude Include="core\type_traits.h">
      <Filter>core</Filter>
    </ClInclude>
  </ItemGroup>
  <ItemGroup>
    <ClCompile Include="pch.cpp">
      <Filter>pch</Filter>
    </ClCompile>
    <ClCompile Include="redis\resp_reader.cpp">
      <Filter>redis</Filter>
    </ClCompile>
  </ItemGroup>
  <ItemGroup>
    <Text Include="readme.txt">
      <Filter>pch</Filter>
    </Text>
  </ItemGroup>
  <ItemGroup>
    <None Include="packages.config" />
  </ItemGroup>
</Project>